
Microsoft Visual Studio Solution File, Format Version 12.00
# Visual Studio 15
VisualStudioVersion = 15.0.27130.2027
MinimumVisualStudioVersion = 10.0.40219.1
Project("{FAE04EC0-301F-11D3-BF4B-00C04F79EFBC}") = "THWebsiteTutorial", "THWebsiteTutorial\THWebsiteTutorial.csproj", "{90A2872F-2237-42A0-8C35-F6D5BEA9A3A3}"
EndProject
Global
	GlobalSection(SolutionConfigurationPlatforms) = preSolution
		Debug|Any CPU = Debug|Any CPU
		Release|Any CPU = Release|Any CPU
	EndGlobalSection
	GlobalSection(ProjectConfigurationPlatforms) = postSolution
		{90A2872F-2237-42A0-8C35-F6D5BEA9A3A3}.Debug|Any CPU.ActiveCfg = Debug|Any CPU
		{90A2872F-2237-42A0-8C35-F6D5BEA9A3A3}.Debug|Any CPU.Build.0 = Debug|Any CPU
		{90A2872F-2237-42A0-8C35-F6D5BEA9A3A3}.Release|Any CPU.ActiveCfg = Release|Any CPU
		{90A2872F-2237-42A0-8C35-F6D5BEA9A3A3}.Release|Any CPU.Build.0 = Release|Any CPU
	EndGlobalSection
	GlobalSection(SolutionProperties) = preSolution
		HideSolutionNode = FALSE
	EndGlobalSection
	GlobalSection(ExtensibilityGlobals) = postSolution
		SolutionGuid = {FC4CE0F9-559E-486B-8F16-0FBFAE4B47FB}
	EndGlobalSection
EndGlobal
